
Microsoft Visual Studio Solution File, Format Version 12.00
# Visual Studio Version 16
VisualStudioVersion = 16.0.30128.74
MinimumVisualStudioVersion = 10.0.40219.1
Project("{FAE04EC0-301F-11D3-BF4B-00C04F79EFBC}") = "2020.07.03_02", "2020.07.03_02.csproj", "{E1BA45F0-905F-4397-A505-C53D758AD569}"
EndProject
Global
	GlobalSection(SolutionConfigurationPlatforms) = preSolution
		Debug|Any CPU = Debug|Any CPU
		Release|Any CPU = Release|Any CPU
	EndGlobalSection
	GlobalSection(ProjectConfigurationPlatforms) = postSolution
		{E1BA45F0-905F-4397-A505-C53D758AD569}.Debug|Any CPU.ActiveCfg = Debug|Any CPU
		{E1BA45F0-905F-4397-A505-C53D758AD569}.Debug|Any CPU.Build.0 = Debug|Any CPU
		{E1BA45F0-905F-4397-A505-C53D758AD569}.Release|Any CPU.ActiveCfg = Release|Any CPU
		{E1BA45F0-905F-4397-A505-C53D758AD569}.Release|Any CPU.Build.0 = Release|Any CPU
	EndGlobalSection
	GlobalSection(SolutionProperties) = preSolution
		HideSolutionNode = FALSE
	EndGlobalSection
	GlobalSection(ExtensibilityGlobals) = postSolution
		SolutionGuid = {A5A99036-1528-4659-820B-691EA56ED993}
	EndGlobalSection
EndGlobal
