
Microsoft Visual Studio Solution File, Format Version 12.00
# Visual Studio Version 16
VisualStudioVersion = 16.0.30128.74
MinimumVisualStudioVersion = 10.0.40219.1
Project("{FAE04EC0-301F-11D3-BF4B-00C04F79EFBC}") = "2020.07.03_04", "2020.07.03_04.csproj", "{28D60140-115E-489F-8A6C-9FBC7DF89A05}"
EndProject
Global
	GlobalSection(SolutionConfigurationPlatforms) = preSolution
		Debug|Any CPU = Debug|Any CPU
		Release|Any CPU = Release|Any CPU
	EndGlobalSection
	GlobalSection(ProjectConfigurationPlatforms) = postSolution
		{28D60140-115E-489F-8A6C-9FBC7DF89A05}.Debug|Any CPU.ActiveCfg = Debug|Any CPU
		{28D60140-115E-489F-8A6C-9FBC7DF89A05}.Debug|Any CPU.Build.0 = Debug|Any CPU
		{28D60140-115E-489F-8A6C-9FBC7DF89A05}.Release|Any CPU.ActiveCfg = Release|Any CPU
		{28D60140-115E-489F-8A6C-9FBC7DF89A05}.Release|Any CPU.Build.0 = Release|Any CPU
	EndGlobalSection
	GlobalSection(SolutionProperties) = preSolution
		HideSolutionNode = FALSE
	EndGlobalSection
	GlobalSection(ExtensibilityGlobals) = postSolution
		SolutionGuid = {4A92F4E6-6A73-4E4D-B3F8-C424951839CD}
	EndGlobalSection
EndGlobal
