
Microsoft Visual Studio Solution File, Format Version 12.00
# Visual Studio Version 16
VisualStudioVersion = 16.0.30128.74
MinimumVisualStudioVersion = 10.0.40219.1
Project("{FAE04EC0-301F-11D3-BF4B-00C04F79EFBC}") = "2020.07.04_01", "2020.07.04_01.csproj", "{2646B6EE-D5B2-4167-B5B8-28B0CBB2DC43}"
EndProject
Global
	GlobalSection(SolutionConfigurationPlatforms) = preSolution
		Debug|Any CPU = Debug|Any CPU
		Release|Any CPU = Release|Any CPU
	EndGlobalSection
	GlobalSection(ProjectConfigurationPlatforms) = postSolution
		{2646B6EE-D5B2-4167-B5B8-28B0CBB2DC43}.Debug|Any CPU.ActiveCfg = Debug|Any CPU
		{2646B6EE-D5B2-4167-B5B8-28B0CBB2DC43}.Debug|Any CPU.Build.0 = Debug|Any CPU
		{2646B6EE-D5B2-4167-B5B8-28B0CBB2DC43}.Release|Any CPU.ActiveCfg = Release|Any CPU
		{2646B6EE-D5B2-4167-B5B8-28B0CBB2DC43}.Release|Any CPU.Build.0 = Release|Any CPU
	EndGlobalSection
	GlobalSection(SolutionProperties) = preSolution
		HideSolutionNode = FALSE
	EndGlobalSection
	GlobalSection(ExtensibilityGlobals) = postSolution
		SolutionGuid = {5989BA64-1753-4588-A4A3-61F8ACDC8485}
	EndGlobalSection
EndGlobal
